// !$*UTF8*$!
{
	archiveVersion = 1;
	classes = {
	};
	objectVersion = 56;
	objects = {

/* Begin PBXBuildFile section */
		FE00E3C8297401AC0050CEC2 /* checkersApp.swift in Sources */ = {isa = PBXBuildFile; fileRef = FE00E3C7297401AC0050CEC2 /* checkersApp.swift */; };
		FE00E3CC297401AE0050CEC2 /* Assets.xcassets in Resources */ = {isa = PBXBuildFile; fileRef = FE00E3CB297401AE0050CEC2 /* Assets.xcassets */; };
		FE00E3CF297401AE0050CEC2 /* Preview Assets.xcassets in Resources */ = {isa = PBXBuildFile; fileRef = FE00E3CE297401AE0050CEC2 /* Preview Assets.xcassets */; };
		FE00E3DA297402D20050CEC2 /* BoardView.swift in Sources */ = {isa = PBXBuildFile; fileRef = FE00E3D9297402D20050CEC2 /* BoardView.swift */; };
		FE00E3DC297402FF0050CEC2 /* FieldView.swift in Sources */ = {isa = PBXBuildFile; fileRef = FE00E3DB297402FF0050CEC2 /* FieldView.swift */; };
		FE00E3DE297403730050CEC2 /* Constants.swift in Sources */ = {isa = PBXBuildFile; fileRef = FE00E3DD297403730050CEC2 /* Constants.swift */; };
		FE00E3E0297407C30050CEC2 /* PieceView.swift in Sources */ = {isa = PBXBuildFile; fileRef = FE00E3DF297407C30050CEC2 /* PieceView.swift */; };
		FE00E3E22974A1660050CEC2 /* Board.swift in Sources */ = {isa = PBXBuildFile; fileRef = FE00E3E12974A1660050CEC2 /* Board.swift */; };
		FE00E3E42974A1770050CEC2 /* Player.swift in Sources */ = {isa = PBXBuildFile; fileRef = FE00E3E32974A1770050CEC2 /* Player.swift */; };
		FE00E3E62974A18D0050CEC2 /* Piece.swift in Sources */ = {isa = PBXBuildFile; fileRef = FE00E3E52974A18D0050CEC2 /* Piece.swift */; };
		FE00E3E82974A6C50050CEC2 /* GameBoard.swift in Sources */ = {isa = PBXBuildFile; fileRef = FE00E3E72974A6C50050CEC2 /* GameBoard.swift */; };
		FE27CA0E2975B21B00D4DA1F /* Move.swift in Sources */ = {isa = PBXBuildFile; fileRef = FE27CA0D2975B21B00D4DA1F /* Move.swift */; };
		FE27CA112975BD8400D4DA1F /* CGPoint+Hashable.swift in Sources */ = {isa = PBXBuildFile; fileRef = FE27CA102975BD8400D4DA1F /* CGPoint+Hashable.swift */; };
/* End PBXBuildFile section */

/* Begin PBXFileReference section */
		FE00E3C4297401AC0050CEC2 /* checkers.app */ = {isa = PBXFileReference; explicitFileType = wrapper.application; includeInIndex = 0; path = checkers.app; sourceTree = BUILT_PRODUCTS_DIR; };
		FE00E3C7297401AC0050CEC2 /* checkersApp.swift */ = {isa = PBXFileReference; lastKnownFileType = sourcecode.swift; path = checkersApp.swift; sourceTree = "<group>"; };
		FE00E3CB297401AE0050CEC2 /* Assets.xcassets */ = {isa = PBXFileReference; lastKnownFileType = folder.assetcatalog; path = Assets.xcassets; sourceTree = "<group>"; };
		FE00E3CE297401AE0050CEC2 /* Preview Assets.xcassets */ = {isa = PBXFileReference; lastKnownFileType = folder.assetcatalog; path = "Preview Assets.xcassets"; sourceTree = "<group>"; };
		FE00E3D0297401AE0050CEC2 /* checkers.entitlements */ = {isa = PBXFileReference; lastKnownFileType = text.plist.entitlements; path = checkers.entitlements; sourceTree = "<group>"; };
		FE00E3D9297402D20050CEC2 /* BoardView.swift */ = {isa = PBXFileReference; lastKnownFileType = sourcecode.swift; path = BoardView.swift; sourceTree = "<group>"; };
		FE00E3DB297402FF0050CEC2 /* FieldView.swift */ = {isa = PBXFileReference; lastKnownFileType = sourcecode.swift; path = FieldView.swift; sourceTree = "<group>"; };
		FE00E3DD297403730050CEC2 /* Constants.swift */ = {isa = PBXFileReference; lastKnownFileType = sourcecode.swift; path = Constants.swift; sourceTree = "<group>"; };
		FE00E3DF297407C30050CEC2 /* PieceView.swift */ = {isa = PBXFileReference; lastKnownFileType = sourcecode.swift; path = PieceView.swift; sourceTree = "<group>"; };
		FE00E3E12974A1660050CEC2 /* Board.swift */ = {isa = PBXFileReference; lastKnownFileType = sourcecode.swift; path = Board.swift; sourceTree = "<group>"; };
		FE00E3E32974A1770050CEC2 /* Player.swift */ = {isa = PBXFileReference; lastKnownFileType = sourcecode.swift; path = Player.swift; sourceTree = "<group>"; };
		FE00E3E52974A18D0050CEC2 /* Piece.swift */ = {isa = PBXFileReference; lastKnownFileType = sourcecode.swift; path = Piece.swift; sourceTree = "<group>"; };
		FE00E3E72974A6C50050CEC2 /* GameBoard.swift */ = {isa = PBXFileReference; lastKnownFileType = sourcecode.swift; path = GameBoard.swift; sourceTree = "<group>"; };
		FE27CA0D2975B21B00D4DA1F /* Move.swift */ = {isa = PBXFileReference; lastKnownFileType = sourcecode.swift; path = Move.swift; sourceTree = "<group>"; };
		FE27CA102975BD8400D4DA1F /* CGPoint+Hashable.swift */ = {isa = PBXFileReference; lastKnownFileType = sourcecode.swift; path = "CGPoint+Hashable.swift"; sourceTree = "<group>"; };
/* End PBXFileReference section */

/* Begin PBXFrameworksBuildPhase section */
		FE00E3C1297401AC0050CEC2 /* Frameworks */ = {
			isa = PBXFrameworksBuildPhase;
			buildActionMask = 2147483647;
			files = (
			);
			runOnlyForDeploymentPostprocessing = 0;
		};
/* End PBXFrameworksBuildPhase section */

/* Begin PBXGroup section */
		FE00E3BB297401AC0050CEC2 = {
			isa = PBXGroup;
			children = (
				FE00E3C6297401AC0050CEC2 /* checkers */,
				FE00E3C5297401AC0050CEC2 /* Products */,
			);
			sourceTree = "<group>";
		};
		FE00E3C5297401AC0050CEC2 /* Products */ = {
			isa = PBXGroup;
			children = (
				FE00E3C4297401AC0050CEC2 /* checkers.app */,
			);
			name = Products;
			sourceTree = "<group>";
		};
		FE00E3C6297401AC0050CEC2 /* checkers */ = {
			isa = PBXGroup;
			children = (
				FE27CA0F2975BD7400D4DA1F /* lib */,
				FE00E3D8297401EA0050CEC2 /* ViewModel */,
				FE00E3D7297401DF0050CEC2 /* Models */,
				FE00E3D6297401D30050CEC2 /* Views */,
				FE00E3C7297401AC0050CEC2 /* checkersApp.swift */,
				FE00E3CB297401AE0050CEC2 /* Assets.xcassets */,
				FE00E3D0297401AE0050CEC2 /* checkers.entitlements */,
				FE00E3CD297401AE0050CEC2 /* Preview Content */,
			);
			path = checkers;
			sourceTree = "<group>";
		};
		FE00E3CD297401AE0050CEC2 /* Preview Content */ = {
			isa = PBXGroup;
			children = (
				FE00E3CE297401AE0050CEC2 /* Preview Assets.xcassets */,
			);
			path = "Preview Content";
			sourceTree = "<group>";
		};
		FE00E3D6297401D30050CEC2 /* Views */ = {
			isa = PBXGroup;
			children = (
				FE00E3D9297402D20050CEC2 /* BoardView.swift */,
				FE00E3DB297402FF0050CEC2 /* FieldView.swift */,
				FE00E3DF297407C30050CEC2 /* PieceView.swift */,
			);
			path = Views;
			sourceTree = "<group>";
		};
		FE00E3D7297401DF0050CEC2 /* Models */ = {
			isa = PBXGroup;
			children = (
				FE00E3E12974A1660050CEC2 /* Board.swift */,
				FE00E3E32974A1770050CEC2 /* Player.swift */,
				FE00E3E52974A18D0050CEC2 /* Piece.swift */,
				FE27CA0D2975B21B00D4DA1F /* Move.swift */,
			);
			path = Models;
			sourceTree = "<group>";
		};
		FE00E3D8297401EA0050CEC2 /* ViewModel */ = {
			isa = PBXGroup;
			children = (
				FE00E3E72974A6C50050CEC2 /* GameBoard.swift */,
			);
			path = ViewModel;
			sourceTree = "<group>";
		};
		FE27CA0F2975BD7400D4DA1F /* lib */ = {
			isa = PBXGroup;
			children = (
				FE27CA102975BD8400D4DA1F /* CGPoint+Hashable.swift */,
				FE00E3DD297403730050CEC2 /* Constants.swift */,
			);
			path = lib;
			sourceTree = "<group>";
		};
/* End PBXGroup section */

/* Begin PBXNativeTarget section */
		FE00E3C3297401AC0050CEC2 /* checkers */ = {
			isa = PBXNativeTarget;
			buildConfigurationList = FE00E3D3297401AE0050CEC2 /* Build configuration list for PBXNativeTarget "checkers" */;
			buildPhases = (
				FE00E3C0297401AC0050CEC2 /* Sources */,
				FE00E3C1297401AC0050CEC2 /* Frameworks */,
				FE00E3C2297401AC0050CEC2 /* Resources */,
			);
			buildRules = (
			);
			dependencies = (
			);
			name = checkers;
			productName = checkers;
			productReference = FE00E3C4297401AC0050CEC2 /* checkers.app */;
			productType = "com.apple.product-type.application";
		};
/* End PBXNativeTarget section */

/* Begin PBXProject section */
		FE00E3BC297401AC0050CEC2 /* Project object */ = {
			isa = PBXProject;
			attributes = {
				BuildIndependentTargetsInParallel = 1;
				LastSwiftUpdateCheck = 1420;
				LastUpgradeCheck = 1420;
				TargetAttributes = {
					FE00E3C3297401AC0050CEC2 = {
						CreatedOnToolsVersion = 14.2;
					};
				};
			};
			buildConfigurationList = FE00E3BF297401AC0050CEC2 /* Build configuration list for PBXProject "checkers" */;
			compatibilityVersion = "Xcode 14.0";
			developmentRegion = en;
			hasScannedForEncodings = 0;
			knownRegions = (
				en,
				Base,
			);
			mainGroup = FE00E3BB297401AC0050CEC2;
			productRefGroup = FE00E3C5297401AC0050CEC2 /* Products */;
			projectDirPath = "";
			projectRoot = "";
			targets = (
				FE00E3C3297401AC0050CEC2 /* checkers */,
			);
		};
/* End PBXProject section */

/* Begin PBXResourcesBuildPhase section */
		FE00E3C2297401AC0050CEC2 /* Resources */ = {
			isa = PBXResourcesBuildPhase;
			buildActionMask = 2147483647;
			files = (
				FE00E3CF297401AE0050CEC2 /* Preview Assets.xcassets in Resources */,
				FE00E3CC297401AE0050CEC2 /* Assets.xcassets in Resources */,
			);
			runOnlyForDeploymentPostprocessing = 0;
		};
/* End PBXResourcesBuildPhase section */

/* Begin PBXSourcesBuildPhase section */
		FE00E3C0297401AC0050CEC2 /* Sources */ = {
			isa = PBXSourcesBuildPhase;
			buildActionMask = 2147483647;
			files = (
				FE00E3DE297403730050CEC2 /* Constants.swift in Sources */,
				FE00E3DA297402D20050CEC2 /* BoardView.swift in Sources */,
				FE00E3E82974A6C50050CEC2 /* GameBoard.swift in Sources */,
				FE00E3DC297402FF0050CEC2 /* FieldView.swift in Sources */,
				FE27CA112975BD8400D4DA1F /* CGPoint+Hashable.swift in Sources */,
				FE00E3E0297407C30050CEC2 /* PieceView.swift in Sources */,
				FE00E3E42974A1770050CEC2 /* Player.swift in Sources */,
				FE00E3E62974A18D0050CEC2 /* Piece.swift in Sources */,
				FE00E3E22974A1660050CEC2 /* Board.swift in Sources */,
				FE00E3C8297401AC0050CEC2 /* checkersApp.swift in Sources */,
				FE27CA0E2975B21B00D4DA1F /* Move.swift in Sources */,
			);
			runOnlyForDeploymentPostprocessing = 0;
		};
/* End PBXSourcesBuildPhase section */

/* Begin XCBuildConfiguration section */
		FE00E3D1297401AE0050CEC2 /* Debug */ = {
			isa = XCBuildConfiguration;
			buildSettings = {
				ALWAYS_SEARCH_USER_PATHS = NO;
				CLANG_ANALYZER_NONNULL = YES;
				CLANG_ANALYZER_NUMBER_OBJECT_CONVERSION = YES_AGGRESSIVE;
				CLANG_CXX_LANGUAGE_STANDARD = "gnu++20";
				CLANG_ENABLE_MODULES = YES;
				CLANG_ENABLE_OBJC_ARC = YES;
				CLANG_ENABLE_OBJC_WEAK = YES;
				CLANG_WARN_BLOCK_CAPTURE_AUTORELEASING = YES;
				CLANG_WARN_BOOL_CONVERSION = YES;
				CLANG_WARN_COMMA = YES;
				CLANG_WARN_CONSTANT_CONVERSION = YES;
				CLANG_WARN_DEPRECATED_OBJC_IMPLEMENTATIONS = YES;
				CLANG_WARN_DIRECT_OBJC_ISA_USAGE = YES_ERROR;
				CLANG_WARN_DOCUMENTATION_COMMENTS = YES;
				CLANG_WARN_EMPTY_BODY = YES;
				CLANG_WARN_ENUM_CONVERSION = YES;
				CLANG_WARN_INFINITE_RECURSION = YES;
				CLANG_WARN_INT_CONVERSION = YES;
				CLANG_WARN_NON_LITERAL_NULL_CONVERSION = YES;
				CLANG_WARN_OBJC_IMPLICIT_RETAIN_SELF = YES;
				CLANG_WARN_OBJC_LITERAL_CONVERSION = YES;
				CLANG_WARN_OBJC_ROOT_CLASS = YES_ERROR;
				CLANG_WARN_QUOTED_INCLUDE_IN_FRAMEWORK_HEADER = YES;
				CLANG_WARN_RANGE_LOOP_ANALYSIS = YES;
				CLANG_WARN_STRICT_PROTOTYPES = YES;
				CLANG_WARN_SUSPICIOUS_MOVE = YES;
				CLANG_WARN_UNGUARDED_AVAILABILITY = YES_AGGRESSIVE;
				CLANG_WARN_UNREACHABLE_CODE = YES;
				CLANG_WARN__DUPLICATE_METHOD_MATCH = YES;
				COPY_PHASE_STRIP = NO;
				DEBUG_INFORMATION_FORMAT = dwarf;
				ENABLE_STRICT_OBJC_MSGSEND = YES;
				ENABLE_TESTABILITY = YES;
				GCC_C_LANGUAGE_STANDARD = gnu11;
				GCC_DYNAMIC_NO_PIC = NO;
				GCC_NO_COMMON_BLOCKS = YES;
				GCC_OPTIMIZATION_LEVEL = 0;
				GCC_PREPROCESSOR_DEFINITIONS = (
					"DEBUG=1",
					"$(inherited)",
				);
				GCC_WARN_64_TO_32_BIT_CONVERSION = YES;
				GCC_WARN_ABOUT_RETURN_TYPE = YES_ERROR;
				GCC_WARN_UNDECLARED_SELECTOR = YES;
				GCC_WARN_UNINITIALIZED_AUTOS = YES_AGGRESSIVE;
				GCC_WARN_UNUSED_FUNCTION = YES;
				GCC_WARN_UNUSED_VARIABLE = YES;
				MACOSX_DEPLOYMENT_TARGET = 13.0;
				MTL_ENABLE_DEBUG_INFO = INCLUDE_SOURCE;
				MTL_FAST_MATH = YES;
				ONLY_ACTIVE_ARCH = YES;
				SDKROOT = macosx;
				SWIFT_ACTIVE_COMPILATION_CONDITIONS = DEBUG;
				SWIFT_OPTIMIZATION_LEVEL = "-Onone";
			};
			name = Debug;
		};
		FE00E3D2297401AE0050CEC2 /* Release */ = {
			isa = XCBuildConfiguration;
			buildSettings = {
				ALWAYS_SEARCH_USER_PATHS = NO;
				CLANG_ANALYZER_NONNULL = YES;
				CLANG_ANALYZER_NUMBER_OBJECT_CONVERSION = YES_AGGRESSIVE;
				CLANG_CXX_LANGUAGE_STANDARD = "gnu++20";
				CLANG_ENABLE_MODULES = YES;
				CLANG_ENABLE_OBJC_ARC = YES;
				CLANG_ENABLE_OBJC_WEAK = YES;
				CLANG_WARN_BLOCK_CAPTURE_AUTORELEASING = YES;
				CLANG_WARN_BOOL_CONVERSION = YES;
				CLANG_WARN_COMMA = YES;
				CLANG_WARN_CONSTANT_CONVERSION = YES;
				CLANG_WARN_DEPRECATED_OBJC_IMPLEMENTATIONS = YES;
				CLANG_WARN_DIRECT_OBJC_ISA_USAGE = YES_ERROR;
				CLANG_WARN_DOCUMENTATION_COMMENTS = YES;
				CLANG_WARN_EMPTY_BODY = YES;
				CLANG_WARN_ENUM_CONVERSION = YES;
				CLANG_WARN_INFINITE_RECURSION = YES;
				CLANG_WARN_INT_CONVERSION = YES;
				CLANG_WARN_NON_LITERAL_NULL_CONVERSION = YES;
				CLANG_WARN_OBJC_IMPLICIT_RETAIN_SELF = YES;
				CLANG_WARN_OBJC_LITERAL_CONVERSION = YES;
				CLANG_WARN_OBJC_ROOT_CLASS = YES_ERROR;
				CLANG_WARN_QUOTED_INCLUDE_IN_FRAMEWORK_HEADER = YES;
				CLANG_WARN_RANGE_LOOP_ANALYSIS = YES;
				CLANG_WARN_STRICT_PROTOTYPES = YES;
				CLANG_WARN_SUSPICIOUS_MOVE = YES;
				CLANG_WARN_UNGUARDED_AVAILABILITY = YES_AGGRESSIVE;
				CLANG_WARN_UNREACHABLE_CODE = YES;
				CLANG_WARN__DUPLICATE_METHOD_MATCH = YES;
				COPY_PHASE_STRIP = NO;
				DEBUG_INFORMATION_FORMAT = "dwarf-with-dsym";
				ENABLE_NS_ASSERTIONS = NO;
				ENABLE_STRICT_OBJC_MSGSEND = YES;
				GCC_C_LANGUAGE_STANDARD = gnu11;
				GCC_NO_COMMON_BLOCKS = YES;
				GCC_WARN_64_TO_32_BIT_CONVERSION = YES;
				GCC_WARN_ABOUT_RETURN_TYPE = YES_ERROR;
				GCC_WARN_UNDECLARED_SELECTOR = YES;
				GCC_WARN_UNINITIALIZED_AUTOS = YES_AGGRESSIVE;
				GCC_WARN_UNUSED_FUNCTION = YES;
				GCC_WARN_UNUSED_VARIABLE = YES;
				MACOSX_DEPLOYMENT_TARGET = 13.0;
				MTL_ENABLE_DEBUG_INFO = NO;
				MTL_FAST_MATH = YES;
				SDKROOT = macosx;
				SWIFT_COMPILATION_MODE = wholemodule;
				SWIFT_OPTIMIZATION_LEVEL = "-O";
			};
			name = Release;
		};
		FE00E3D4297401AE0050CEC2 /* Debug */ = {
			isa = XCBuildConfiguration;
			buildSettings = {
				ASSETCATALOG_COMPILER_APPICON_NAME = AppIcon;
				ASSETCATALOG_COMPILER_GLOBAL_ACCENT_COLOR_NAME = AccentColor;
				CODE_SIGN_ENTITLEMENTS = checkers/checkers.entitlements;
				CODE_SIGN_STYLE = Automatic;
				COMBINE_HIDPI_IMAGES = YES;
				CURRENT_PROJECT_VERSION = 1;
				DEVELOPMENT_ASSET_PATHS = "\"checkers/Preview Content\"";
				DEVELOPMENT_TEAM = BRBRML9AMG;
				ENABLE_HARDENED_RUNTIME = YES;
				ENABLE_PREVIEWS = YES;
				GENERATE_INFOPLIST_FILE = YES;
				INFOPLIST_KEY_NSHumanReadableCopyright = "";
				LD_RUNPATH_SEARCH_PATHS = (
					"$(inherited)",
					"@executable_path/../Frameworks",
				);
				MARKETING_VERSION = 1.0;
				PRODUCT_BUNDLE_IDENTIFIER = pl.thehardway.checkers;
				PRODUCT_NAME = "$(TARGET_NAME)";
				SWIFT_EMIT_LOC_STRINGS = YES;
				SWIFT_VERSION = 5.0;
			};
			name = Debug;
		};
		FE00E3D5297401AE0050CEC2 /* Release */ = {
			isa = XCBuildConfiguration;
			buildSettings = {
				ASSETCATALOG_COMPILER_APPICON_NAME = AppIcon;
				ASSETCATALOG_COMPILER_GLOBAL_ACCENT_COLOR_NAME = AccentColor;
				CODE_SIGN_ENTITLEMENTS = checkers/checkers.entitlements;
				CODE_SIGN_STYLE = Automatic;
				COMBINE_HIDPI_IMAGES = YES;
				CURRENT_PROJECT_VERSION = 1;
				DEVELOPMENT_ASSET_PATHS = "\"checkers/Preview Content\"";
				DEVELOPMENT_TEAM = BRBRML9AMG;
				ENABLE_HARDENED_RUNTIME = YES;
				ENABLE_PREVIEWS = YES;
				GENERATE_INFOPLIST_FILE = YES;
				INFOPLIST_KEY_NSHumanReadableCopyright = "";
				LD_RUNPATH_SEARCH_PATHS = (
					"$(inherited)",
					"@executable_path/../Frameworks",
				);
				MARKETING_VERSION = 1.0;
				PRODUCT_BUNDLE_IDENTIFIER = pl.thehardway.checkers;
				PRODUCT_NAME = "$(TARGET_NAME)";
				SWIFT_EMIT_LOC_STRINGS = YES;
				SWIFT_VERSION = 5.0;
			};
			name = Release;
		};
/* End XCBuildConfiguration section */

/* Begin XCConfigurationList section */
		FE00E3BF297401AC0050CEC2 /* Build configuration list for PBXProject "checkers" */ = {
			isa = XCConfigurationList;
			buildConfigurations = (
				FE00E3D1297401AE0050CEC2 /* Debug */,
				FE00E3D2297401AE0050CEC2 /* Release */,
			);
			defaultConfigurationIsVisible = 0;
			defaultConfigurationName = Release;
		};
		FE00E3D3297401AE0050CEC2 /* Build configuration list for PBXNativeTarget "checkers" */ = {
			isa = XCConfigurationList;
			buildConfigurations = (
				FE00E3D4297401AE0050CEC2 /* Debug */,
				FE00E3D5297401AE0050CEC2 /* Release */,
			);
			defaultConfigurationIsVisible = 0;
			defaultConfigurationName = Release;
		};
/* End XCConfigurationList section */
	};
	rootObject = FE00E3BC297401AC0050CEC2 /* Project object */;
}
